
Microsoft Visual Studio Solution File, Format Version 12.00
# Visual Studio Version 16
VisualStudioVersion = 16.0.30907.101
MinimumVisualStudioVersion = 10.0.40219.1
Project("{F184B08F-C81C-45F6-A57F-5ABD9991F28F}") = "SayMyNameAgain", "SayMyNameAgain.vbproj", "{EBCA304E-6E68-451D-B1F7-5C30A5BFC912}"
EndProject
Global
	GlobalSection(SolutionConfigurationPlatforms) = preSolution
		Debug|Any CPU = Debug|Any CPU
		Release|Any CPU = Release|Any CPU
	EndGlobalSection
	GlobalSection(ProjectConfigurationPlatforms) = postSolution
		{EBCA304E-6E68-451D-B1F7-5C30A5BFC912}.Debug|Any CPU.ActiveCfg = Debug|Any CPU
		{EBCA304E-6E68-451D-B1F7-5C30A5BFC912}.Debug|Any CPU.Build.0 = Debug|Any CPU
		{EBCA304E-6E68-451D-B1F7-5C30A5BFC912}.Release|Any CPU.ActiveCfg = Release|Any CPU
		{EBCA304E-6E68-451D-B1F7-5C30A5BFC912}.Release|Any CPU.Build.0 = Release|Any CPU
	EndGlobalSection
	GlobalSection(SolutionProperties) = preSolution
		HideSolutionNode = FALSE
	EndGlobalSection
	GlobalSection(ExtensibilityGlobals) = postSolution
		SolutionGuid = {E9A9325F-82E8-4B46-AC95-70F2093F0B94}
	EndGlobalSection
EndGlobal
